<?xml version="1.0" encoding="utf-8"?>
<Project ToolsVersion="4.0" xmlns="http://schemas.microsoft.com/developer/msbuild/2003">
  <ItemGroup>
    <Filter Include="Source Files">
      <UniqueIdentifier>{4FC737F1-C7A5-4376-A066-2A32D752A2FF}</UniqueIdentifier>
      <Extensions>cpp;c;cc;cxx;c++;cppm;ixx;def;odl;idl;hpj;bat;asm;asmx</Extensions>
    </Filter>
    <Filter Include="Header Files">
      <UniqueIdentifier>{93995380-89BD-4b04-88EB-625FBE52EBFB}</UniqueIdentifier>
      <Extensions>h;hh;hpp;hxx;h++;hm;inl;inc;ipp;xsd</Extensions>
    </Filter>
    <Filter Include="Resource Files">
      <UniqueIdentifier>{67DA6AB6-F800-4c08-8B7A-83BB121AAD01}</UniqueIdentifier>
      <Extensions>rc;ico;cur;bmp;dlg;rc2;rct;bin;rgs;gif;jpg;jpeg;jpe;resx;tiff;tif;png;wav;mfcribbon-ms</Extensions>
    </Filter>
  </ItemGroup>
  <ItemGroup>
    <ClCompile Include="Main\BankSystem2.cpp">
      <Filter>Source Files</Filter>
    </ClCompile>
    <ClCompile Include="Utils\MyString.cpp">
      <Filter>Source Files</Filter>
    </ClCompile>
    <ClCompile Include="User\User.cpp">
      <Filter>Source Files</Filter>
    </ClCompile>
    <ClCompile Include="Client\Client.cpp">
      <Filter>Source Files</Filter>
    </ClCompile>
    <ClCompile Include="ThirdPartyEmployee\ThirdPartyEmployee.cpp">
      <Filter>Source Files</Filter>
    </ClCompile>
    <ClCompile Include="Employee\Employee.cpp">
      <Filter>Source Files</Filter>
    </ClCompile>
    <ClCompile Include="Task\Task.cpp">
      <Filter>Source Files</Filter>
    </ClCompile>
    <ClCompile Include="Bank\Bank.cpp">
      <Filter>Source Files</Filter>
    </ClCompile>
    <ClCompile Include="Task\OpenTask.cpp">
      <Filter>Source Files</Filter>
    </ClCompile>
    <ClCompile Include="Task\CloseTask.cpp">
      <Filter>Source Files</Filter>
    </ClCompile>
    <ClCompile Include="Task\ChangeTask.cpp">
      <Filter>Source Files</Filter>
    </ClCompile>
    <ClCompile Include="System\System.cpp">
      <Filter>Source Files</Filter>
    </ClCompile>
    <ClCompile Include="Commands\Command.cpp">
      <Filter>Source Files</Filter>
    </ClCompile>
    <ClCompile Include="Commands\EmployeeCommands\ApproveCmd.cpp">
      <Filter>Source Files</Filter>
    </ClCompile>
    <ClCompile Include="Commands\ClientCommands\ChangeCmd.cpp">
      <Filter>Source Files</Filter>
    </ClCompile>
    <ClCompile Include="Commands\ClientCommands\CheckAvlCmd.cpp">
      <Filter>Source Files</Filter>
    </ClCompile>
    <ClCompile Include="Commands\ClientCommands\CloseCmd.cpp">
      <Filter>Source Files</Filter>
    </ClCompile>
    <ClCompile Include="Commands\SystemCommands\CreateBankCmd.cpp">
      <Filter>Source Files</Filter>
    </ClCompile>
    <ClCompile Include="Commands\EmployeeCommands\DissaproveCmd.cpp">
      <Filter>Source Files</Filter>
    </ClCompile>
    <ClCompile Include="Commands\UserCommands\ExitCmd.cpp">
      <Filter>Source Files</Filter>
    </ClCompile>
    <ClCompile Include="Commands\UserCommands\HelpCmd.cpp">
      <Filter>Source Files</Filter>
    </ClCompile>
    <ClCompile Include="Commands\ClientCommands\ListCmd.cpp">
      <Filter>Source Files</Filter>
    </ClCompile>
    <ClCompile Include="Commands\SystemCommands\SignUp.cpp">
      <Filter>Source Files</Filter>
    </ClCompile>
    <ClCompile Include="User\UserFactory.cpp">
      <Filter>Source Files</Filter>
    </ClCompile>
    <ClCompile Include="Commands\SystemCommands\LoginCmd.cpp">
      <Filter>Source Files</Filter>
    </ClCompile>
    <ClCompile Include="Commands\ClientCommands\MessagesCmd.cpp">
      <Filter>Source Files</Filter>
    </ClCompile>
    <ClCompile Include="Commands\ClientCommands\OpenCmd.cpp">
      <Filter>Source Files</Filter>
    </ClCompile>
    <ClCompile Include="Commands\ClientCommands\RedeemCmd.cpp">
      <Filter>Source Files</Filter>
    </ClCompile>
    <ClCompile Include="Commands\ThirdPartyEmployeeCommands\SednCheckCmd.cpp">
      <Filter>Source Files</Filter>
    </ClCompile>
    <ClCompile Include="Commands\SystemCommands\SignUpCmd.cpp">
      <Filter>Source Files</Filter>
    </ClCompile>
    <ClCompile Include="Commands\EmployeeCommands\TasksCmd.cpp">
      <Filter>Source Files</Filter>
    </ClCompile>
    <ClCompile Include="Commands\EmployeeCommands\ValidateCmd.cpp">
      <Filter>Source Files</Filter>
    </ClCompile>
    <ClCompile Include="Commands\EmployeeCommands\ViewCmd.cpp">
      <Filter>Source Files</Filter>
    </ClCompile>
    <ClCompile Include="Commands\UserCommands\WhoAmICmd.cpp">
      <Filter>Source Files</Filter>
    </ClCompile>
    <ClCompile Include="Commands\CommandFactory.cpp">
      <Filter>Source Files</Filter>
    </ClCompile>
    <ClCompile Include="Commands\CommandExecutor.cpp">
      <Filter>Source Files</Filter>
    </ClCompile>
  </ItemGroup>
  <ItemGroup>
    <ClInclude Include="Utils\MyString.h">
      <Filter>Header Files</Filter>
    </ClInclude>
    <ClInclude Include="User\User.h">
      <Filter>Header Files</Filter>
    </ClInclude>
    <ClInclude Include="Utils\Vector.hpp">
      <Filter>Header Files</Filter>
    </ClInclude>
    <ClInclude Include="Utils\Polymorphic_Ptr.hpp">
      <Filter>Header Files</Filter>
    </ClInclude>
    <ClInclude Include="Client\Client.h">
      <Filter>Header Files</Filter>
    </ClInclude>
    <ClInclude Include="ThirdPartyEmployee\ThirdPartyEmployee.h">
      <Filter>Header Files</Filter>
    </ClInclude>
    <ClInclude Include="Employee\Employee.h">
      <Filter>Header Files</Filter>
    </ClInclude>
    <ClInclude Include="Task\Task.h">
      <Filter>Header Files</Filter>
    </ClInclude>
    <ClInclude Include="Bank\Bank.h">
      <Filter>Header Files</Filter>
    </ClInclude>
    <ClInclude Include="Task\OpenTask.h">
      <Filter>Header Files</Filter>
    </ClInclude>
    <ClInclude Include="Task\CloseTask.h">
      <Filter>Header Files</Filter>
    </ClInclude>
    <ClInclude Include="Task\ChangeTask.h">
      <Filter>Header Files</Filter>
    </ClInclude>
    <ClInclude Include="System\System.h">
      <Filter>Header Files</Filter>
    </ClInclude>
    <ClInclude Include="Commands\Command.h">
      <Filter>Header Files</Filter>
    </ClInclude>
    <ClInclude Include="Commands\EmployeeCommands\ApproveCmd.h">
      <Filter>Header Files</Filter>
    </ClInclude>
    <ClInclude Include="Commands\ClientCommands\ChangeCmd.h">
      <Filter>Header Files</Filter>
    </ClInclude>
    <ClInclude Include="Commands\ClientCommands\CheckAvlCmd.h">
      <Filter>Header Files</Filter>
    </ClInclude>
    <ClInclude Include="Commands\ClientCommands\CloseCmd.h">
      <Filter>Header Files</Filter>
    </ClInclude>
    <ClInclude Include="Commands\SystemCommands\CreateBankCmd.h">
      <Filter>Header Files</Filter>
    </ClInclude>
    <ClInclude Include="Commands\EmployeeCommands\DissaproveCmd.h">
      <Filter>Header Files</Filter>
    </ClInclude>
    <ClInclude Include="Commands\UserCommands\ExitCmd.h">
      <Filter>Header Files</Filter>
    </ClInclude>
    <ClInclude Include="Commands\UserCommands\HelpCmd.h">
      <Filter>Header Files</Filter>
    </ClInclude>
    <ClInclude Include="Commands\ClientCommands\ListCmd.h">
      <Filter>Header Files</Filter>
    </ClInclude>
    <ClInclude Include="User\UserFactory.h">
      <Filter>Header Files</Filter>
    </ClInclude>
    <ClInclude Include="Commands\SystemCommands\LoginCmd.h">
      <Filter>Header Files</Filter>
    </ClInclude>
    <ClInclude Include="Commands\ClientCommands\MessagesCmd.h">
      <Filter>Header Files</Filter>
    </ClInclude>
    <ClInclude Include="Commands\ClientCommands\OpenCmd.h">
      <Filter>Header Files</Filter>
    </ClInclude>
    <ClInclude Include="Commands\ClientCommands\RedeemCmd.h">
      <Filter>Header Files</Filter>
    </ClInclude>
    <ClInclude Include="Commands\ThirdPartyEmployeeCommands\SednCheckCmd.h">
      <Filter>Header Files</Filter>
    </ClInclude>
    <ClInclude Include="Commands\SystemCommands\SignUpCmd.h">
      <Filter>Header Files</Filter>
    </ClInclude>
    <ClInclude Include="Commands\EmployeeCommands\TasksCmd.h">
      <Filter>Header Files</Filter>
    </ClInclude>
    <ClInclude Include="Commands\EmployeeCommands\ValidateCmd.h">
      <Filter>Header Files</Filter>
    </ClInclude>
    <ClInclude Include="Commands\EmployeeCommands\ViewCmd.h">
      <Filter>Header Files</Filter>
    </ClInclude>
    <ClInclude Include="Commands\UserCommands\WhoAmICmd.h">
      <Filter>Header Files</Filter>
    </ClInclude>
    <ClInclude Include="Commands\CommandFactory.h">
      <Filter>Header Files</Filter>
    </ClInclude>
    <ClInclude Include="Commands\CommandExecutor.h">
      <Filter>Header Files</Filter>
    </ClInclude>
  </ItemGroup>
</Project>